
Microsoft Visual Studio Solution File, Format Version 12.00
# Visual Studio 15
VisualStudioVersion = 15.0.27130.2027
MinimumVisualStudioVersion = 10.0.40219.1
Project("{FAE04EC0-301F-11D3-BF4B-00C04F79EFBC}") = "LEDCubeFileGenerator", "LEDCubeFileGenerator\LEDCubeFileGenerator.csproj", "{34DE8746-648A-4142-A7AB-2891DF92ECC3}"
EndProject
Project("{FAE04EC0-301F-11D3-BF4B-00C04F79EFBC}") = "LEDCubeFileGenerator.Common", "LEDCubeFileGenerator.Common\LEDCubeFileGenerator.Common.csproj", "{1AE0B0C9-F81D-4785-9025-6B04ACC09180}"
EndProject
Project("{FAE04EC0-301F-11D3-BF4B-00C04F79EFBC}") = "LEDCubeFileGenerator.Test", "LEDCubeFileGenerator.Test\LEDCubeFileGenerator.Test.csproj", "{6DF8674F-BFF3-4179-93DA-D1F99FC60445}"
EndProject
Global
	GlobalSection(SolutionConfigurationPlatforms) = preSolution
		Debug|Any CPU = Debug|Any CPU
		Release|Any CPU = Release|Any CPU
	EndGlobalSection
	GlobalSection(ProjectConfigurationPlatforms) = postSolution
		{34DE8746-648A-4142-A7AB-2891DF92ECC3}.Debug|Any CPU.ActiveCfg = Debug|Any CPU
		{34DE8746-648A-4142-A7AB-2891DF92ECC3}.Debug|Any CPU.Build.0 = Debug|Any CPU
		{34DE8746-648A-4142-A7AB-2891DF92ECC3}.Release|Any CPU.ActiveCfg = Release|Any CPU
		{34DE8746-648A-4142-A7AB-2891DF92ECC3}.Release|Any CPU.Build.0 = Release|Any CPU
		{1AE0B0C9-F81D-4785-9025-6B04ACC09180}.Debug|Any CPU.ActiveCfg = Debug|Any CPU
		{1AE0B0C9-F81D-4785-9025-6B04ACC09180}.Debug|Any CPU.Build.0 = Debug|Any CPU
		{1AE0B0C9-F81D-4785-9025-6B04ACC09180}.Release|Any CPU.ActiveCfg = Release|Any CPU
		{1AE0B0C9-F81D-4785-9025-6B04ACC09180}.Release|Any CPU.Build.0 = Release|Any CPU
		{6DF8674F-BFF3-4179-93DA-D1F99FC60445}.Debug|Any CPU.ActiveCfg = Debug|Any CPU
		{6DF8674F-BFF3-4179-93DA-D1F99FC60445}.Debug|Any CPU.Build.0 = Debug|Any CPU
		{6DF8674F-BFF3-4179-93DA-D1F99FC60445}.Release|Any CPU.ActiveCfg = Release|Any CPU
		{6DF8674F-BFF3-4179-93DA-D1F99FC60445}.Release|Any CPU.Build.0 = Release|Any CPU
	EndGlobalSection
	GlobalSection(SolutionProperties) = preSolution
		HideSolutionNode = FALSE
	EndGlobalSection
	GlobalSection(ExtensibilityGlobals) = postSolution
		SolutionGuid = {B7872DCD-38BF-465A-BB00-2F67BAB8786D}
	EndGlobalSection
EndGlobal
